# This file is automatically @generated by Poetry 1.5.1 and should not be changed by hand.

[[package]]
name = "hawkauthlib"
version = "2.0.0"
description = "Hawk Access Authentication protocol"
optional = false
python-versions = "*"
files = [
    {file = "hawkauthlib-2.0.0-py2.py3-none-any.whl", hash = "sha256:935878d3a75832aa76f78ddee13491f1466cbd69a8e7e4248902763cf9953ba9"},
    {file = "hawkauthlib-2.0.0.tar.gz", hash = "sha256:effd64a2572e3c0d9090b55ad2180b36ad50e7760bea225cb6ce2248f421510d"},
]

[package.dependencies]
webob = "*"

[package.extras]
test = ["requests"]

[[package]]
name = "tokenlib"
version = "2.0.0"
description = "Generic library for managing signed authentication tokens."
optional = false
python-versions = "*"
files = [
    {file = "tokenlib-2.0.0-py2.py3-none-any.whl", hash = "sha256:1c6de2c06edf54954df535e5bd1cbb6d7821be032102f40e5a8a53acd5b03649"},
    {file = "tokenlib-2.0.0.tar.gz", hash = "sha256:569f27a117b0e0e6476946c96572741a33449c607835a3c6f3fdac85f93b3408"},
]

[[package]]
name = "webob"
version = "1.8.7"
description = "WSGI request and response object"
optional = false
python-versions = ">=2.7,!=3.0.*,!=3.1.*,!=3.2.*"
files = [
    {file = "WebOb-1.8.7-py2.py3-none-any.whl", hash = "sha256:73aae30359291c14fa3b956f8b5ca31960e420c28c1bec002547fb04928cf89b"},
    {file = "WebOb-1.8.7.tar.gz", hash = "sha256:b64ef5141be559cfade448f044fa45c2260351edcb6a8ef6b7e00c7dcef0c323"},
]

[package.extras]
docs = ["Sphinx (>=1.7.5)", "pylons-sphinx-themes"]
testing = ["coverage", "pytest (>=3.1.0)", "pytest-cov", "pytest-xdist"]

[metadata]
lock-version = "2.0"
python-versions = "^3.12"
content-hash = "acef499c120c6e2e8def2236cd6f2bff9ab8c958644fa08104789e8281baa3ce"
